
Microsoft Visual Studio Solution File, Format Version 12.00
# Visual Studio Version 17
VisualStudioVersion = 17.1.32210.238
MinimumVisualStudioVersion = 10.0.40219.1
Project("{FAE04EC0-301F-11D3-BF4B-00C04F79EFBC}") = "repz-desktop", "repz-desktop\repz-desktop.csproj", "{F7B1344F-7FDD-4A18-97DD-0A25D9AA812C}"
EndProject
Project("{FAE04EC0-301F-11D3-BF4B-00C04F79EFBC}") = "repz-core", "repz-core\repz-core.csproj", "{AA914691-3226-4D20-B831-46301B704F07}"
EndProject
Project("{FAE04EC0-301F-11D3-BF4B-00C04F79EFBC}") = "repz-web", "repz-web\repz-web.csproj", "{9ADD7AEF-960E-4B73-B56A-9B0EA9AB4E49}"
EndProject
Global
	GlobalSection(SolutionConfigurationPlatforms) = preSolution
		Debug|Any CPU = Debug|Any CPU
		Release|Any CPU = Release|Any CPU
	EndGlobalSection
	GlobalSection(ProjectConfigurationPlatforms) = postSolution
		{F7B1344F-7FDD-4A18-97DD-0A25D9AA812C}.Debug|Any CPU.ActiveCfg = Debug|Any CPU
		{F7B1344F-7FDD-4A18-97DD-0A25D9AA812C}.Debug|Any CPU.Build.0 = Debug|Any CPU
		{F7B1344F-7FDD-4A18-97DD-0A25D9AA812C}.Release|Any CPU.ActiveCfg = Release|Any CPU
		{F7B1344F-7FDD-4A18-97DD-0A25D9AA812C}.Release|Any CPU.Build.0 = Release|Any CPU
		{AA914691-3226-4D20-B831-46301B704F07}.Debug|Any CPU.ActiveCfg = Debug|Any CPU
		{AA914691-3226-4D20-B831-46301B704F07}.Debug|Any CPU.Build.0 = Debug|Any CPU
		{AA914691-3226-4D20-B831-46301B704F07}.Release|Any CPU.ActiveCfg = Release|Any CPU
		{AA914691-3226-4D20-B831-46301B704F07}.Release|Any CPU.Build.0 = Release|Any CPU
		{9ADD7AEF-960E-4B73-B56A-9B0EA9AB4E49}.Debug|Any CPU.ActiveCfg = Debug|Any CPU
		{9ADD7AEF-960E-4B73-B56A-9B0EA9AB4E49}.Debug|Any CPU.Build.0 = Debug|Any CPU
		{9ADD7AEF-960E-4B73-B56A-9B0EA9AB4E49}.Release|Any CPU.ActiveCfg = Release|Any CPU
		{9ADD7AEF-960E-4B73-B56A-9B0EA9AB4E49}.Release|Any CPU.Build.0 = Release|Any CPU
	EndGlobalSection
	GlobalSection(SolutionProperties) = preSolution
		HideSolutionNode = FALSE
	EndGlobalSection
	GlobalSection(ExtensibilityGlobals) = postSolution
		SolutionGuid = {AD627B5F-5444-4F31-8A60-EE9CD25271D9}
	EndGlobalSection
EndGlobal
